// !$*UTF8*$!
{
	archiveVersion = 1;
	classes = {
	};
	objectVersion = 50;
	objects = {

/* Begin PBXBuildFile section */
		D03E255320749E5D00BC5D37 /* main.cpp in Sources */ = {isa = PBXBuildFile; fileRef = D03E255220749E5D00BC5D37 /* main.cpp */; };
		D03E256F20749EC100BC5D37 /* FileParser.cpp in Sources */ = {isa = PBXBuildFile; fileRef = D03E255F20749EC000BC5D37 /* FileParser.cpp */; };
		D03E257020749EC100BC5D37 /* GraphWalk.c in Sources */ = {isa = PBXBuildFile; fileRef = D03E256020749EC000BC5D37 /* GraphWalk.c */; };
		D03E257120749EC100BC5D37 /* Util.cpp in Sources */ = {isa = PBXBuildFile; fileRef = D03E256220749EC000BC5D37 /* Util.cpp */; };
		D03E257220749EC100BC5D37 /* ResourcePath.mm in Sources */ = {isa = PBXBuildFile; fileRef = D03E256320749EC000BC5D37 /* ResourcePath.mm */; };
		D03E257320749EC100BC5D37 /* ConnectionGraph.cpp in Sources */ = {isa = PBXBuildFile; fileRef = D03E256520749EC000BC5D37 /* ConnectionGraph.cpp */; };
		D03E257420749EC100BC5D37 /* Graphics.cpp in Sources */ = {isa = PBXBuildFile; fileRef = D03E256620749EC000BC5D37 /* Graphics.cpp */; };
		D03E257520749EC100BC5D37 /* ProgramOptions.cpp in Sources */ = {isa = PBXBuildFile; fileRef = D03E256C20749EC100BC5D37 /* ProgramOptions.cpp */; };
		D03E257820749F0C00BC5D37 /* OpenCL.framework in Frameworks */ = {isa = PBXBuildFile; fileRef = D03E257720749F0C00BC5D37 /* OpenCL.framework */; };
		D03E257F2074A00500BC5D37 /* GraphWalk_WavefrontVisit.cl in Sources */ = {isa = PBXBuildFile; fileRef = D03E257C2074A00500BC5D37 /* GraphWalk_WavefrontVisit.cl */; };
		D03E25802074A00500BC5D37 /* OpenClApp.c in Sources */ = {isa = PBXBuildFile; fileRef = D03E257D2074A00500BC5D37 /* OpenClApp.c */; };
		D03E25822074A06000BC5D37 /* libboost_program_options-mt.dylib in Frameworks */ = {isa = PBXBuildFile; fileRef = D03E25812074A06000BC5D37 /* libboost_program_options-mt.dylib */; };
		D0582A712077429800D02A3A /* consola.ttf in CopyFiles */ = {isa = PBXBuildFile; fileRef = D0582A6F2077421900D02A3A /* consola.ttf */; };
/* End PBXBuildFile section */

/* Begin PBXCopyFilesBuildPhase section */
		D0582A702077428500D02A3A /* CopyFiles */ = {
			isa = PBXCopyFilesBuildPhase;
			buildActionMask = 2147483647;
			dstPath = "";
			dstSubfolderSpec = 16;
			files = (
				D0582A712077429800D02A3A /* consola.ttf in CopyFiles */,
			);
			runOnlyForDeploymentPostprocessing = 0;
		};
/* End PBXCopyFilesBuildPhase section */

/* Begin PBXFileReference section */
		D03E254F20749E5D00BC5D37 /* SpeedRoute */ = {isa = PBXFileReference; explicitFileType = "compiled.mach-o.executable"; includeInIndex = 0; path = SpeedRoute; sourceTree = BUILT_PRODUCTS_DIR; };
		D03E255220749E5D00BC5D37 /* main.cpp */ = {isa = PBXFileReference; lastKnownFileType = sourcecode.cpp.cpp; path = main.cpp; sourceTree = "<group>"; };
		D03E255F20749EC000BC5D37 /* FileParser.cpp */ = {isa = PBXFileReference; fileEncoding = 4; lastKnownFileType = sourcecode.cpp.cpp; path = FileParser.cpp; sourceTree = "<group>"; };
		D03E256020749EC000BC5D37 /* GraphWalk.c */ = {isa = PBXFileReference; fileEncoding = 4; lastKnownFileType = sourcecode.c.c; path = GraphWalk.c; sourceTree = "<group>"; };
		D03E256120749EC000BC5D37 /* SpeedRoute-Info.plist */ = {isa = PBXFileReference; fileEncoding = 4; lastKnownFileType = text.plist.xml; path = "SpeedRoute-Info.plist"; sourceTree = "<group>"; };
		D03E256220749EC000BC5D37 /* Util.cpp */ = {isa = PBXFileReference; fileEncoding = 4; lastKnownFileType = sourcecode.cpp.cpp; path = Util.cpp; sourceTree = "<group>"; };
		D03E256320749EC000BC5D37 /* ResourcePath.mm */ = {isa = PBXFileReference; fileEncoding = 4; lastKnownFileType = sourcecode.cpp.objcpp; path = ResourcePath.mm; sourceTree = "<group>"; };
		D03E256420749EC000BC5D37 /* Types.h */ = {isa = PBXFileReference; fileEncoding = 4; lastKnownFileType = sourcecode.c.h; path = Types.h; sourceTree = "<group>"; };
		D03E256520749EC000BC5D37 /* ConnectionGraph.cpp */ = {isa = PBXFileReference; fileEncoding = 4; lastKnownFileType = sourcecode.cpp.cpp; path = ConnectionGraph.cpp; sourceTree = "<group>"; };
		D03E256620749EC000BC5D37 /* Graphics.cpp */ = {isa = PBXFileReference; fileEncoding = 4; lastKnownFileType = sourcecode.cpp.cpp; path = Graphics.cpp; sourceTree = "<group>"; };
		D03E256720749EC000BC5D37 /* Graphics.hpp */ = {isa = PBXFileReference; fileEncoding = 4; lastKnownFileType = sourcecode.cpp.h; path = Graphics.hpp; sourceTree = "<group>"; };
		D03E256820749EC000BC5D37 /* ResourcePath.hpp */ = {isa = PBXFileReference; fileEncoding = 4; lastKnownFileType = sourcecode.cpp.h; path = ResourcePath.hpp; sourceTree = "<group>"; };
		D03E256920749EC100BC5D37 /* GraphWalk.h */ = {isa = PBXFileReference; fileEncoding = 4; lastKnownFileType = sourcecode.c.h; path = GraphWalk.h; sourceTree = "<group>"; };
		D03E256A20749EC100BC5D37 /* FileParser.hpp */ = {isa = PBXFileReference; fileEncoding = 4; lastKnownFileType = sourcecode.cpp.h; path = FileParser.hpp; sourceTree = "<group>"; };
		D03E256B20749EC100BC5D37 /* ProgramOptions.hpp */ = {isa = PBXFileReference; fileEncoding = 4; lastKnownFileType = sourcecode.cpp.h; path = ProgramOptions.hpp; sourceTree = "<group>"; };
		D03E256C20749EC100BC5D37 /* ProgramOptions.cpp */ = {isa = PBXFileReference; fileEncoding = 4; lastKnownFileType = sourcecode.cpp.cpp; path = ProgramOptions.cpp; sourceTree = "<group>"; };
		D03E256D20749EC100BC5D37 /* Util.hpp */ = {isa = PBXFileReference; fileEncoding = 4; lastKnownFileType = sourcecode.cpp.h; path = Util.hpp; sourceTree = "<group>"; };
		D03E256E20749EC100BC5D37 /* ConnectionGraph.hpp */ = {isa = PBXFileReference; fileEncoding = 4; lastKnownFileType = sourcecode.cpp.h; path = ConnectionGraph.hpp; sourceTree = "<group>"; };
		D03E257720749F0C00BC5D37 /* OpenCL.framework */ = {isa = PBXFileReference; lastKnownFileType = wrapper.framework; name = OpenCL.framework; path = System/Library/Frameworks/OpenCL.framework; sourceTree = SDKROOT; };
		D03E257C2074A00500BC5D37 /* GraphWalk_WavefrontVisit.cl */ = {isa = PBXFileReference; fileEncoding = 4; lastKnownFileType = sourcecode.opencl; name = GraphWalk_WavefrontVisit.cl; path = OpenCL/GraphWalk_WavefrontVisit.cl; sourceTree = "<group>"; };
		D03E257D2074A00500BC5D37 /* OpenClApp.c */ = {isa = PBXFileReference; fileEncoding = 4; lastKnownFileType = sourcecode.c.c; name = OpenClApp.c; path = OpenCL/OpenClApp.c; sourceTree = "<group>"; };
		D03E257E2074A00500BC5D37 /* OpenClApp.h */ = {isa = PBXFileReference; fileEncoding = 4; lastKnownFileType = sourcecode.c.h; name = OpenClApp.h; path = OpenCL/OpenClApp.h; sourceTree = "<group>"; };
		D03E25812074A06000BC5D37 /* libboost_program_options-mt.dylib */ = {isa = PBXFileReference; lastKnownFileType = "compiled.mach-o.dylib"; name = "libboost_program_options-mt.dylib"; path = "../../../../usr/local/Cellar/boost/1.66.0/lib/libboost_program_options-mt.dylib"; sourceTree = "<group>"; };
		D0582A6F2077421900D02A3A /* consola.ttf */ = {isa = PBXFileReference; lastKnownFileType = file; path = consola.ttf; sourceTree = "<group>"; };
/* End PBXFileReference section */

/* Begin PBXFrameworksBuildPhase section */
		D03E254D20749E5D00BC5D37 /* Frameworks */ = {
			isa = PBXFrameworksBuildPhase;
			buildActionMask = 2147483647;
			files = (
				D03E25822074A06000BC5D37 /* libboost_program_options-mt.dylib in Frameworks */,
				D03E257820749F0C00BC5D37 /* OpenCL.framework in Frameworks */,
			);
			runOnlyForDeploymentPostprocessing = 0;
		};
/* End PBXFrameworksBuildPhase section */

/* Begin PBXGroup section */
		D03E254720749E5D00BC5D37 = {
			isa = PBXGroup;
			children = (
				D03E255120749E5D00BC5D37 /* SpeedRoute */,
				D03E255020749E5D00BC5D37 /* Products */,
				D03E257620749F0C00BC5D37 /* Frameworks */,
			);
			sourceTree = "<group>";
		};
		D03E255020749E5D00BC5D37 /* Products */ = {
			isa = PBXGroup;
			children = (
				D03E254F20749E5D00BC5D37 /* SpeedRoute */,
			);
			name = Products;
			sourceTree = "<group>";
		};
		D03E255120749E5D00BC5D37 /* SpeedRoute */ = {
			isa = PBXGroup;
			children = (
				D03E257B20749FFA00BC5D37 /* OpenCL */,
				D03E256520749EC000BC5D37 /* ConnectionGraph.cpp */,
				D03E256E20749EC100BC5D37 /* ConnectionGraph.hpp */,
				D03E255F20749EC000BC5D37 /* FileParser.cpp */,
				D03E256A20749EC100BC5D37 /* FileParser.hpp */,
				D03E256620749EC000BC5D37 /* Graphics.cpp */,
				D03E256720749EC000BC5D37 /* Graphics.hpp */,
				D03E256020749EC000BC5D37 /* GraphWalk.c */,
				D03E256920749EC100BC5D37 /* GraphWalk.h */,
				D03E256C20749EC100BC5D37 /* ProgramOptions.cpp */,
				D03E256B20749EC100BC5D37 /* ProgramOptions.hpp */,
				D03E256820749EC000BC5D37 /* ResourcePath.hpp */,
				D03E256320749EC000BC5D37 /* ResourcePath.mm */,
				D03E256120749EC000BC5D37 /* SpeedRoute-Info.plist */,
				D03E256420749EC000BC5D37 /* Types.h */,
				D03E256220749EC000BC5D37 /* Util.cpp */,
				D03E256D20749EC100BC5D37 /* Util.hpp */,
				D03E255220749E5D00BC5D37 /* main.cpp */,
				D03E255420749E5D00BC5D37 /* Resources */,
			);
			path = SpeedRoute;
			sourceTree = "<group>";
		};
		D03E255420749E5D00BC5D37 /* Resources */ = {
			isa = PBXGroup;
			children = (
				D0582A6F2077421900D02A3A /* consola.ttf */,
			);
			name = Resources;
			sourceTree = "<group>";
		};
		D03E257620749F0C00BC5D37 /* Frameworks */ = {
			isa = PBXGroup;
			children = (
				D03E25812074A06000BC5D37 /* libboost_program_options-mt.dylib */,
				D03E257720749F0C00BC5D37 /* OpenCL.framework */,
			);
			name = Frameworks;
			sourceTree = "<group>";
		};
		D03E257B20749FFA00BC5D37 /* OpenCL */ = {
			isa = PBXGroup;
			children = (
				D03E257C2074A00500BC5D37 /* GraphWalk_WavefrontVisit.cl */,
				D03E257D2074A00500BC5D37 /* OpenClApp.c */,
				D03E257E2074A00500BC5D37 /* OpenClApp.h */,
			);
			name = OpenCL;
			sourceTree = "<group>";
		};
/* End PBXGroup section */

/* Begin PBXNativeTarget section */
		D03E254E20749E5D00BC5D37 /* SpeedRoute */ = {
			isa = PBXNativeTarget;
			buildConfigurationList = D03E255B20749E5D00BC5D37 /* Build configuration list for PBXNativeTarget "SpeedRoute" */;
			buildPhases = (
				D03E254C20749E5D00BC5D37 /* Sources */,
				D03E254D20749E5D00BC5D37 /* Frameworks */,
				D0582A702077428500D02A3A /* CopyFiles */,
			);
			buildRules = (
			);
			dependencies = (
			);
			name = SpeedRoute;
			productName = SpeedRoute;
			productReference = D03E254F20749E5D00BC5D37 /* SpeedRoute */;
			productType = "com.apple.product-type.tool";
		};
/* End PBXNativeTarget section */

/* Begin PBXProject section */
		D03E254820749E5D00BC5D37 /* Project object */ = {
			isa = PBXProject;
			attributes = {
				LastUpgradeCheck = 0930;
				ORGANIZATIONNAME = "Michel Kakulphimp";
				TargetAttributes = {
					D03E254E20749E5D00BC5D37 = {
						CreatedOnToolsVersion = 9.3;
					};
				};
			};
			buildConfigurationList = D03E254B20749E5D00BC5D37 /* Build configuration list for PBXProject "SpeedRoute" */;
			compatibilityVersion = "Xcode 9.3";
			developmentRegion = en;
			hasScannedForEncodings = 0;
			knownRegions = (
				en,
			);
			mainGroup = D03E254720749E5D00BC5D37;
			productRefGroup = D03E255020749E5D00BC5D37 /* Products */;
			projectDirPath = "";
			projectRoot = "";
			targets = (
				D03E254E20749E5D00BC5D37 /* SpeedRoute */,
			);
		};
/* End PBXProject section */

/* Begin PBXSourcesBuildPhase section */
		D03E254C20749E5D00BC5D37 /* Sources */ = {
			isa = PBXSourcesBuildPhase;
			buildActionMask = 2147483647;
			files = (
				D03E257320749EC100BC5D37 /* ConnectionGraph.cpp in Sources */,
				D03E257020749EC100BC5D37 /* GraphWalk.c in Sources */,
				D03E256F20749EC100BC5D37 /* FileParser.cpp in Sources */,
				D03E257220749EC100BC5D37 /* ResourcePath.mm in Sources */,
				D03E257F2074A00500BC5D37 /* GraphWalk_WavefrontVisit.cl in Sources */,
				D03E255320749E5D00BC5D37 /* main.cpp in Sources */,
				D03E257420749EC100BC5D37 /* Graphics.cpp in Sources */,
				D03E257120749EC100BC5D37 /* Util.cpp in Sources */,
				D03E25802074A00500BC5D37 /* OpenClApp.c in Sources */,
				D03E257520749EC100BC5D37 /* ProgramOptions.cpp in Sources */,
			);
			runOnlyForDeploymentPostprocessing = 0;
		};
/* End PBXSourcesBuildPhase section */

/* Begin XCBuildConfiguration section */
		D03E255920749E5D00BC5D37 /* Debug */ = {
			isa = XCBuildConfiguration;
			buildSettings = {
				ARCHS = "$(NATIVE_ARCH_ACTUAL)";
				CLANG_CXX_LANGUAGE_STANDARD = "c++0x";
				CLANG_CXX_LIBRARY = "libc++";
				FRAMEWORK_SEARCH_PATHS = (
					/Library/Frameworks/,
					"$(inherited)",
				);
				GCC_VERSION = com.apple.compilers.llvm.clang.1_0;
				HEADER_SEARCH_PATHS = (
					/usr/local/include/,
					"$(inherited)",
				);
				LIBRARY_SEARCH_PATHS = (
					/usr/local/lib/,
					"$(inherited)",
				);
				MACOSX_DEPLOYMENT_TARGET = 10.7;
				OTHER_LDFLAGS = (
					"$(inherited)",
					"$(SFML_SYSTEM)",
					"$(SFML_WINDOW)",
					"$(SFML_GRAPHICS)",
					"$(SFML_AUDIO)",
					"$(SFML_NETWORK)",
				);
				SFML_AUDIO = "";
				SFML_BINARY_TYPE = FRAMEWORKS;
				SFML_GRAPHICS = "$(SFML_LINK_PREFIX) sfml-graphics$(SFML_LINK_SUFFIX)";
				SFML_LINK_DYLIBS_PREFIX = "-l";
				SFML_LINK_DYLIBS_SUFFIX = "";
				SFML_LINK_FRAMEWORKS_PREFIX = "-framework";
				SFML_LINK_FRAMEWORKS_SUFFIX = "";
				SFML_LINK_PREFIX = "$(SFML_LINK_$(SFML_BINARY_TYPE)_PREFIX)";
				SFML_LINK_SUFFIX = "$(SFML_LINK_$(SFML_BINARY_TYPE)_SUFFIX)";
				SFML_NETWORK = "";
				SFML_SYSTEM = "$(SFML_LINK_PREFIX) sfml-system$(SFML_LINK_SUFFIX)";
				SFML_WINDOW = "$(SFML_LINK_PREFIX) sfml-window$(SFML_LINK_SUFFIX)";
				SUPPORTED_PLATFORMS = macosx;
			};
			name = Debug;
		};
		D03E255A20749E5D00BC5D37 /* Release */ = {
			isa = XCBuildConfiguration;
			buildSettings = {
				ARCHS = "$(NATIVE_ARCH_ACTUAL)";
				CLANG_CXX_LANGUAGE_STANDARD = "c++0x";
				CLANG_CXX_LIBRARY = "libc++";
				FRAMEWORK_SEARCH_PATHS = (
					/Library/Frameworks/,
					"$(inherited)",
				);
				GCC_VERSION = com.apple.compilers.llvm.clang.1_0;
				HEADER_SEARCH_PATHS = (
					/usr/local/include/,
					"$(inherited)",
				);
				LIBRARY_SEARCH_PATHS = (
					/usr/local/lib/,
					"$(inherited)",
				);
				MACOSX_DEPLOYMENT_TARGET = 10.7;
				OTHER_LDFLAGS = (
					"$(inherited)",
					"$(SFML_SYSTEM)",
					"$(SFML_WINDOW)",
					"$(SFML_GRAPHICS)",
					"$(SFML_AUDIO)",
					"$(SFML_NETWORK)",
				);
				SFML_AUDIO = "";
				SFML_BINARY_TYPE = FRAMEWORKS;
				SFML_GRAPHICS = "$(SFML_LINK_PREFIX) sfml-graphics$(SFML_LINK_SUFFIX)";
				SFML_LINK_DYLIBS_PREFIX = "-l";
				SFML_LINK_DYLIBS_SUFFIX = "";
				SFML_LINK_FRAMEWORKS_PREFIX = "-framework";
				SFML_LINK_FRAMEWORKS_SUFFIX = "";
				SFML_LINK_PREFIX = "$(SFML_LINK_$(SFML_BINARY_TYPE)_PREFIX)";
				SFML_LINK_SUFFIX = "$(SFML_LINK_$(SFML_BINARY_TYPE)_SUFFIX)";
				SFML_NETWORK = "";
				SFML_SYSTEM = "$(SFML_LINK_PREFIX) sfml-system$(SFML_LINK_SUFFIX)";
				SFML_WINDOW = "$(SFML_LINK_PREFIX) sfml-window$(SFML_LINK_SUFFIX)";
				SUPPORTED_PLATFORMS = macosx;
			};
			name = Release;
		};
		D03E255C20749E5D00BC5D37 /* Debug */ = {
			isa = XCBuildConfiguration;
			buildSettings = {
				CODE_SIGN_STYLE = Automatic;
				GCC_OPTIMIZATION_LEVEL = fast;
				HEADER_SEARCH_PATHS = (
					"$(inherited)",
					/usr/local/Cellar/boost/1.66.0/include,
				);
				LIBRARY_SEARCH_PATHS = (
					"$(inherited)",
					/usr/local/Cellar/boost/1.66.0/lib,
				);
				LLVM_LTO = YES_THIN;
				OPENCL_AUTO_VECTORIZE_ENABLE = NO;
				OPENCL_COMPILER_VERSION = CL1.2;
				OPENCL_OPTIMIZATION_LEVEL = s;
				PRODUCT_NAME = "$(TARGET_NAME)";
			};
			name = Debug;
		};
		D03E255D20749E5D00BC5D37 /* Release */ = {
			isa = XCBuildConfiguration;
			buildSettings = {
				CODE_SIGN_STYLE = Automatic;
				GCC_OPTIMIZATION_LEVEL = fast;
				HEADER_SEARCH_PATHS = (
					"$(inherited)",
					/usr/local/Cellar/boost/1.66.0/include,
				);
				LIBRARY_SEARCH_PATHS = (
					"$(inherited)",
					/usr/local/Cellar/boost/1.66.0/lib,
				);
				LLVM_LTO = YES_THIN;
				OPENCL_AUTO_VECTORIZE_ENABLE = NO;
				OPENCL_COMPILER_VERSION = CL1.2;
				OPENCL_OPTIMIZATION_LEVEL = s;
				PRODUCT_NAME = "$(TARGET_NAME)";
			};
			name = Release;
		};
/* End XCBuildConfiguration section */

/* Begin XCConfigurationList section */
		D03E254B20749E5D00BC5D37 /* Build configuration list for PBXProject "SpeedRoute" */ = {
			isa = XCConfigurationList;
			buildConfigurations = (
				D03E255920749E5D00BC5D37 /* Debug */,
				D03E255A20749E5D00BC5D37 /* Release */,
			);
			defaultConfigurationIsVisible = 0;
			defaultConfigurationName = Release;
		};
		D03E255B20749E5D00BC5D37 /* Build configuration list for PBXNativeTarget "SpeedRoute" */ = {
			isa = XCConfigurationList;
			buildConfigurations = (
				D03E255C20749E5D00BC5D37 /* Debug */,
				D03E255D20749E5D00BC5D37 /* Release */,
			);
			defaultConfigurationIsVisible = 0;
			defaultConfigurationName = Release;
		};
/* End XCConfigurationList section */
	};
	rootObject = D03E254820749E5D00BC5D37 /* Project object */;
}
