// !$*UTF8*$!
{
	archiveVersion = 1;
	classes = {
	};
	objectVersion = 48;
	objects = {

/* Begin PBXBuildFile section */
		D07E337B2063645F00A2B7F8 /* main.cpp in Sources */ = {isa = PBXBuildFile; fileRef = D07E337A2063645F00A2B7F8 /* main.cpp */; };
		D07E3388206364D900A2B7F8 /* OpenCL.framework in Frameworks */ = {isa = PBXBuildFile; fileRef = D07E3387206364D900A2B7F8 /* OpenCL.framework */; };
		D07E338A206364F400A2B7F8 /* libboost_program_options-mt.dylib in Frameworks */ = {isa = PBXBuildFile; fileRef = D07E3389206364F400A2B7F8 /* libboost_program_options-mt.dylib */; };
		D0E9B0C2206708FD00934BBF /* FileParser.cpp in Sources */ = {isa = PBXBuildFile; fileRef = D0E9B0C0206708FD00934BBF /* FileParser.cpp */; };
		D0E9B0C52067145B00934BBF /* Util.cpp in Sources */ = {isa = PBXBuildFile; fileRef = D0E9B0C42067145B00934BBF /* Util.cpp */; };
/* End PBXBuildFile section */

/* Begin PBXFileReference section */
		D07E33772063645F00A2B7F8 /* SpeedRoute */ = {isa = PBXFileReference; explicitFileType = "compiled.mach-o.executable"; includeInIndex = 0; path = SpeedRoute; sourceTree = BUILT_PRODUCTS_DIR; };
		D07E337A2063645F00A2B7F8 /* main.cpp */ = {isa = PBXFileReference; lastKnownFileType = sourcecode.cpp.cpp; path = main.cpp; sourceTree = "<group>"; };
		D07E33802063645F00A2B7F8 /* icon.png */ = {isa = PBXFileReference; lastKnownFileType = image.png; path = icon.png; sourceTree = "<group>"; };
		D07E3387206364D900A2B7F8 /* OpenCL.framework */ = {isa = PBXFileReference; lastKnownFileType = wrapper.framework; name = OpenCL.framework; path = System/Library/Frameworks/OpenCL.framework; sourceTree = SDKROOT; };
		D07E3389206364F400A2B7F8 /* libboost_program_options-mt.dylib */ = {isa = PBXFileReference; lastKnownFileType = "compiled.mach-o.dylib"; name = "libboost_program_options-mt.dylib"; path = "../../../../usr/local/Cellar/boost/1.66.0/lib/libboost_program_options-mt.dylib"; sourceTree = "<group>"; };
		D0E9B0BF2067060C00934BBF /* Types.hpp */ = {isa = PBXFileReference; lastKnownFileType = sourcecode.cpp.h; path = Types.hpp; sourceTree = "<group>"; };
		D0E9B0C0206708FD00934BBF /* FileParser.cpp */ = {isa = PBXFileReference; lastKnownFileType = sourcecode.cpp.cpp; path = FileParser.cpp; sourceTree = "<group>"; };
		D0E9B0C1206708FD00934BBF /* FileParser.hpp */ = {isa = PBXFileReference; lastKnownFileType = sourcecode.cpp.h; path = FileParser.hpp; sourceTree = "<group>"; };
		D0E9B0C32067145B00934BBF /* Util.hpp */ = {isa = PBXFileReference; fileEncoding = 4; lastKnownFileType = sourcecode.cpp.h; path = Util.hpp; sourceTree = "<group>"; };
		D0E9B0C42067145B00934BBF /* Util.cpp */ = {isa = PBXFileReference; fileEncoding = 4; lastKnownFileType = sourcecode.cpp.cpp; path = Util.cpp; sourceTree = "<group>"; };
/* End PBXFileReference section */

/* Begin PBXFrameworksBuildPhase section */
		D07E33752063645F00A2B7F8 /* Frameworks */ = {
			isa = PBXFrameworksBuildPhase;
			buildActionMask = 2147483647;
			files = (
				D07E338A206364F400A2B7F8 /* libboost_program_options-mt.dylib in Frameworks */,
				D07E3388206364D900A2B7F8 /* OpenCL.framework in Frameworks */,
			);
			runOnlyForDeploymentPostprocessing = 0;
		};
/* End PBXFrameworksBuildPhase section */

/* Begin PBXGroup section */
		D07E336F2063645F00A2B7F8 = {
			isa = PBXGroup;
			children = (
				D07E33792063645F00A2B7F8 /* SpeedRoute */,
				D07E33782063645F00A2B7F8 /* Products */,
				D07E3386206364D800A2B7F8 /* Frameworks */,
			);
			sourceTree = "<group>";
		};
		D07E33782063645F00A2B7F8 /* Products */ = {
			isa = PBXGroup;
			children = (
				D07E33772063645F00A2B7F8 /* SpeedRoute */,
			);
			name = Products;
			sourceTree = "<group>";
		};
		D07E33792063645F00A2B7F8 /* SpeedRoute */ = {
			isa = PBXGroup;
			children = (
				D0E9B0C42067145B00934BBF /* Util.cpp */,
				D0E9B0C32067145B00934BBF /* Util.hpp */,
				D07E337A2063645F00A2B7F8 /* main.cpp */,
				D07E337C2063645F00A2B7F8 /* Resources */,
				D0E9B0BF2067060C00934BBF /* Types.hpp */,
				D0E9B0C0206708FD00934BBF /* FileParser.cpp */,
				D0E9B0C1206708FD00934BBF /* FileParser.hpp */,
			);
			path = SpeedRoute;
			sourceTree = "<group>";
		};
		D07E337C2063645F00A2B7F8 /* Resources */ = {
			isa = PBXGroup;
			children = (
				D07E33802063645F00A2B7F8 /* icon.png */,
			);
			name = Resources;
			sourceTree = "<group>";
		};
		D07E3386206364D800A2B7F8 /* Frameworks */ = {
			isa = PBXGroup;
			children = (
				D07E3389206364F400A2B7F8 /* libboost_program_options-mt.dylib */,
				D07E3387206364D900A2B7F8 /* OpenCL.framework */,
			);
			name = Frameworks;
			sourceTree = "<group>";
		};
/* End PBXGroup section */

/* Begin PBXNativeTarget section */
		D07E33762063645F00A2B7F8 /* SpeedRoute */ = {
			isa = PBXNativeTarget;
			buildConfigurationList = D07E33832063645F00A2B7F8 /* Build configuration list for PBXNativeTarget "SpeedRoute" */;
			buildPhases = (
				D07E33742063645F00A2B7F8 /* Sources */,
				D07E33752063645F00A2B7F8 /* Frameworks */,
			);
			buildRules = (
			);
			dependencies = (
			);
			name = SpeedRoute;
			productName = SpeedRoute;
			productReference = D07E33772063645F00A2B7F8 /* SpeedRoute */;
			productType = "com.apple.product-type.tool";
		};
/* End PBXNativeTarget section */

/* Begin PBXProject section */
		D07E33702063645F00A2B7F8 /* Project object */ = {
			isa = PBXProject;
			attributes = {
				LastUpgradeCheck = 0920;
				ORGANIZATIONNAME = "Michel Kakulphimp";
				TargetAttributes = {
					D07E33762063645F00A2B7F8 = {
						CreatedOnToolsVersion = 9.2;
						ProvisioningStyle = Automatic;
					};
				};
			};
			buildConfigurationList = D07E33732063645F00A2B7F8 /* Build configuration list for PBXProject "SpeedRoute" */;
			compatibilityVersion = "Xcode 8.0";
			developmentRegion = en;
			hasScannedForEncodings = 0;
			knownRegions = (
				en,
			);
			mainGroup = D07E336F2063645F00A2B7F8;
			productRefGroup = D07E33782063645F00A2B7F8 /* Products */;
			projectDirPath = "";
			projectRoot = "";
			targets = (
				D07E33762063645F00A2B7F8 /* SpeedRoute */,
			);
		};
/* End PBXProject section */

/* Begin PBXSourcesBuildPhase section */
		D07E33742063645F00A2B7F8 /* Sources */ = {
			isa = PBXSourcesBuildPhase;
			buildActionMask = 2147483647;
			files = (
				D0E9B0C52067145B00934BBF /* Util.cpp in Sources */,
				D0E9B0C2206708FD00934BBF /* FileParser.cpp in Sources */,
				D07E337B2063645F00A2B7F8 /* main.cpp in Sources */,
			);
			runOnlyForDeploymentPostprocessing = 0;
		};
/* End PBXSourcesBuildPhase section */

/* Begin XCBuildConfiguration section */
		D07E33812063645F00A2B7F8 /* Debug */ = {
			isa = XCBuildConfiguration;
			buildSettings = {
				ARCHS = "$(NATIVE_ARCH_ACTUAL)";
				CLANG_CXX_LANGUAGE_STANDARD = "c++0x";
				CLANG_CXX_LIBRARY = "libc++";
				FRAMEWORK_SEARCH_PATHS = (
					/Library/Frameworks/,
					"$(inherited)",
				);
				GCC_VERSION = com.apple.compilers.llvm.clang.1_0;
				HEADER_SEARCH_PATHS = (
					/usr/local/include/,
					"$(inherited)",
				);
				LIBRARY_SEARCH_PATHS = (
					/usr/local/lib/,
					"$(inherited)",
				);
				MACOSX_DEPLOYMENT_TARGET = 10.7;
				OTHER_LDFLAGS = (
					"$(inherited)",
					"$(SFML_SYSTEM)",
					"$(SFML_WINDOW)",
					"$(SFML_GRAPHICS)",
					"$(SFML_AUDIO)",
					"$(SFML_NETWORK)",
				);
				SFML_AUDIO = "";
				SFML_BINARY_TYPE = FRAMEWORKS;
				SFML_GRAPHICS = "$(SFML_LINK_PREFIX) sfml-graphics$(SFML_LINK_SUFFIX)";
				SFML_LINK_DYLIBS_PREFIX = "-l";
				SFML_LINK_DYLIBS_SUFFIX = "";
				SFML_LINK_FRAMEWORKS_PREFIX = "-framework";
				SFML_LINK_FRAMEWORKS_SUFFIX = "";
				SFML_LINK_PREFIX = "$(SFML_LINK_$(SFML_BINARY_TYPE)_PREFIX)";
				SFML_LINK_SUFFIX = "$(SFML_LINK_$(SFML_BINARY_TYPE)_SUFFIX)";
				SFML_NETWORK = "";
				SFML_SYSTEM = "$(SFML_LINK_PREFIX) sfml-system$(SFML_LINK_SUFFIX)";
				SFML_WINDOW = "$(SFML_LINK_PREFIX) sfml-window$(SFML_LINK_SUFFIX)";
				SUPPORTED_PLATFORMS = macosx;
			};
			name = Debug;
		};
		D07E33822063645F00A2B7F8 /* Release */ = {
			isa = XCBuildConfiguration;
			buildSettings = {
				ARCHS = "$(NATIVE_ARCH_ACTUAL)";
				CLANG_CXX_LANGUAGE_STANDARD = "c++0x";
				CLANG_CXX_LIBRARY = "libc++";
				FRAMEWORK_SEARCH_PATHS = (
					/Library/Frameworks/,
					"$(inherited)",
				);
				GCC_VERSION = com.apple.compilers.llvm.clang.1_0;
				HEADER_SEARCH_PATHS = (
					/usr/local/include/,
					"$(inherited)",
				);
				LIBRARY_SEARCH_PATHS = (
					/usr/local/lib/,
					"$(inherited)",
				);
				MACOSX_DEPLOYMENT_TARGET = 10.7;
				OTHER_LDFLAGS = (
					"$(inherited)",
					"$(SFML_SYSTEM)",
					"$(SFML_WINDOW)",
					"$(SFML_GRAPHICS)",
					"$(SFML_AUDIO)",
					"$(SFML_NETWORK)",
				);
				SFML_AUDIO = "";
				SFML_BINARY_TYPE = FRAMEWORKS;
				SFML_GRAPHICS = "$(SFML_LINK_PREFIX) sfml-graphics$(SFML_LINK_SUFFIX)";
				SFML_LINK_DYLIBS_PREFIX = "-l";
				SFML_LINK_DYLIBS_SUFFIX = "";
				SFML_LINK_FRAMEWORKS_PREFIX = "-framework";
				SFML_LINK_FRAMEWORKS_SUFFIX = "";
				SFML_LINK_PREFIX = "$(SFML_LINK_$(SFML_BINARY_TYPE)_PREFIX)";
				SFML_LINK_SUFFIX = "$(SFML_LINK_$(SFML_BINARY_TYPE)_SUFFIX)";
				SFML_NETWORK = "";
				SFML_SYSTEM = "$(SFML_LINK_PREFIX) sfml-system$(SFML_LINK_SUFFIX)";
				SFML_WINDOW = "$(SFML_LINK_PREFIX) sfml-window$(SFML_LINK_SUFFIX)";
				SUPPORTED_PLATFORMS = macosx;
			};
			name = Release;
		};
		D07E33842063645F00A2B7F8 /* Debug */ = {
			isa = XCBuildConfiguration;
			buildSettings = {
				CODE_SIGN_STYLE = Automatic;
				HEADER_SEARCH_PATHS = (
					/usr/local/include/,
					/usr/local/Cellar/boost/1.66.0/include,
					"$(inherited)",
				);
				LIBRARY_SEARCH_PATHS = (
					"$(inherited)",
					/usr/local/Cellar/boost/1.66.0/lib,
				);
				PRODUCT_NAME = "$(TARGET_NAME)";
			};
			name = Debug;
		};
		D07E33852063645F00A2B7F8 /* Release */ = {
			isa = XCBuildConfiguration;
			buildSettings = {
				CODE_SIGN_STYLE = Automatic;
				HEADER_SEARCH_PATHS = (
					/usr/local/include/,
					/usr/local/Cellar/boost/1.66.0/include,
					"$(inherited)",
				);
				LIBRARY_SEARCH_PATHS = (
					"$(inherited)",
					/usr/local/Cellar/boost/1.66.0/lib,
				);
				PRODUCT_NAME = "$(TARGET_NAME)";
			};
			name = Release;
		};
/* End XCBuildConfiguration section */

/* Begin XCConfigurationList section */
		D07E33732063645F00A2B7F8 /* Build configuration list for PBXProject "SpeedRoute" */ = {
			isa = XCConfigurationList;
			buildConfigurations = (
				D07E33812063645F00A2B7F8 /* Debug */,
				D07E33822063645F00A2B7F8 /* Release */,
			);
			defaultConfigurationIsVisible = 0;
			defaultConfigurationName = Release;
		};
		D07E33832063645F00A2B7F8 /* Build configuration list for PBXNativeTarget "SpeedRoute" */ = {
			isa = XCConfigurationList;
			buildConfigurations = (
				D07E33842063645F00A2B7F8 /* Debug */,
				D07E33852063645F00A2B7F8 /* Release */,
			);
			defaultConfigurationIsVisible = 0;
			defaultConfigurationName = Release;
		};
/* End XCConfigurationList section */
	};
	rootObject = D07E33702063645F00A2B7F8 /* Project object */;
}
